
Microsoft Visual Studio Solution File, Format Version 12.00
Project("{FAE04EC0-301F-11D3-BF4B-00C04F79EFBC}") = "Electronize", "Electronize\Electronize.csproj", "{A3877184-D112-4D07-986A-C4E40F4CB2E4}"
EndProject
Project("{FAE04EC0-301F-11D3-BF4B-00C04F79EFBC}") = "ElectronizeTest", "ElectronizeTest\ElectronizeTest.csproj", "{E511E32B-989A-4132-81D2-D92903FF4EA8}"
EndProject
Global
	GlobalSection(SolutionConfigurationPlatforms) = preSolution
		Debug|Any CPU = Debug|Any CPU
		Release|Any CPU = Release|Any CPU
	EndGlobalSection
	GlobalSection(ProjectConfigurationPlatforms) = postSolution
		{A3877184-D112-4D07-986A-C4E40F4CB2E4}.Debug|Any CPU.ActiveCfg = Debug|Any CPU
		{A3877184-D112-4D07-986A-C4E40F4CB2E4}.Debug|Any CPU.Build.0 = Debug|Any CPU
		{A3877184-D112-4D07-986A-C4E40F4CB2E4}.Release|Any CPU.ActiveCfg = Release|Any CPU
		{A3877184-D112-4D07-986A-C4E40F4CB2E4}.Release|Any CPU.Build.0 = Release|Any CPU
		{E511E32B-989A-4132-81D2-D92903FF4EA8}.Debug|Any CPU.ActiveCfg = Debug|Any CPU
		{E511E32B-989A-4132-81D2-D92903FF4EA8}.Debug|Any CPU.Build.0 = Debug|Any CPU
		{E511E32B-989A-4132-81D2-D92903FF4EA8}.Release|Any CPU.ActiveCfg = Release|Any CPU
		{E511E32B-989A-4132-81D2-D92903FF4EA8}.Release|Any CPU.Build.0 = Release|Any CPU
	EndGlobalSection
EndGlobal
